
Microsoft Visual Studio Solution File, Format Version 12.00
# Visual Studio Version 16
VisualStudioVersion = 16.0.31624.102
MinimumVisualStudioVersion = 10.0.40219.1
Project("{FAE04EC0-301F-11D3-BF4B-00C04F79EFBC}") = "BnbServer", "BnbServer.csproj", "{88C1DA57-C118-43DA-96D0-4EE6F49A8617}"
EndProject
Global
	GlobalSection(SolutionConfigurationPlatforms) = preSolution
		Debug|Any CPU = Debug|Any CPU
		Release|Any CPU = Release|Any CPU
	EndGlobalSection
	GlobalSection(ProjectConfigurationPlatforms) = postSolution
		{88C1DA57-C118-43DA-96D0-4EE6F49A8617}.Debug|Any CPU.ActiveCfg = Debug|Any CPU
		{88C1DA57-C118-43DA-96D0-4EE6F49A8617}.Debug|Any CPU.Build.0 = Debug|Any CPU
		{88C1DA57-C118-43DA-96D0-4EE6F49A8617}.Release|Any CPU.ActiveCfg = Release|Any CPU
		{88C1DA57-C118-43DA-96D0-4EE6F49A8617}.Release|Any CPU.Build.0 = Release|Any CPU
	EndGlobalSection
	GlobalSection(SolutionProperties) = preSolution
		HideSolutionNode = FALSE
	EndGlobalSection
	GlobalSection(ExtensibilityGlobals) = postSolution
		SolutionGuid = {44E6D5F5-FD2A-457C-B696-68C77264C864}
	EndGlobalSection
EndGlobal
